// !$*UTF8*$!
{
	archiveVersion = 1;
	classes = {
	};
	objectVersion = 50;
	objects = {

/* Begin PBXBuildFile section */
		C0778029224A6F1400ED9A15 /* TikTakToeGame.swift in Sources */ = {isa = PBXBuildFile; fileRef = C0778028224A6F1400ED9A15 /* TikTakToeGame.swift */; };
		C077803A224A6F5500ED9A15 /* TikTakToeGameTest.swift in Sources */ = {isa = PBXBuildFile; fileRef = C0778039224A6F5500ED9A15 /* TikTakToeGameTest.swift */; };
		C077803C224A6F9D00ED9A15 /* Player.swift in Sources */ = {isa = PBXBuildFile; fileRef = C077803B224A6F9D00ED9A15 /* Player.swift */; };
		C0786C2E22493B3C008DDD99 /* AppDelegate.swift in Sources */ = {isa = PBXBuildFile; fileRef = C0786C2D22493B3C008DDD99 /* AppDelegate.swift */; };
		C0786C3022493B3C008DDD99 /* ViewController.swift in Sources */ = {isa = PBXBuildFile; fileRef = C0786C2F22493B3C008DDD99 /* ViewController.swift */; };
		C0786C3322493B3C008DDD99 /* Main.storyboard in Resources */ = {isa = PBXBuildFile; fileRef = C0786C3122493B3C008DDD99 /* Main.storyboard */; };
		C0786C3522493B3C008DDD99 /* Assets.xcassets in Resources */ = {isa = PBXBuildFile; fileRef = C0786C3422493B3C008DDD99 /* Assets.xcassets */; };
		C0786C3822493B3C008DDD99 /* LaunchScreen.storyboard in Resources */ = {isa = PBXBuildFile; fileRef = C0786C3622493B3C008DDD99 /* LaunchScreen.storyboard */; };
		C0786C4122493C9C008DDD99 /* TikTakToeViewController.swift in Sources */ = {isa = PBXBuildFile; fileRef = C0786C4022493C9C008DDD99 /* TikTakToeViewController.swift */; };
		C0786C4322493CA5008DDD99 /* TikTakToeViewController.xib in Resources */ = {isa = PBXBuildFile; fileRef = C0786C4222493CA5008DDD99 /* TikTakToeViewController.xib */; };
		C0786C4622493CDE008DDD99 /* UIViewController+Extension.swift in Sources */ = {isa = PBXBuildFile; fileRef = C0786C4522493CDE008DDD99 /* UIViewController+Extension.swift */; };
		C0786C4A22493E5C008DDD99 /* TikTakToeCollectionViewCell.swift in Sources */ = {isa = PBXBuildFile; fileRef = C0786C4922493E5C008DDD99 /* TikTakToeCollectionViewCell.swift */; };
		C0786C4C22493E77008DDD99 /* TikTakToeCollectionViewCell.xib in Resources */ = {isa = PBXBuildFile; fileRef = C0786C4B22493E77008DDD99 /* TikTakToeCollectionViewCell.xib */; };
/* End PBXBuildFile section */

/* Begin PBXContainerItemProxy section */
		C0778033224A6F3900ED9A15 /* PBXContainerItemProxy */ = {
			isa = PBXContainerItemProxy;
			containerPortal = C0786C2222493B3C008DDD99 /* Project object */;
			proxyType = 1;
			remoteGlobalIDString = C0786C2922493B3C008DDD99;
			remoteInfo = SimpleGames;
		};
/* End PBXContainerItemProxy section */

/* Begin PBXFileReference section */
		C0778028224A6F1400ED9A15 /* TikTakToeGame.swift */ = {isa = PBXFileReference; lastKnownFileType = sourcecode.swift; path = TikTakToeGame.swift; sourceTree = "<group>"; };
		C077802E224A6F3900ED9A15 /* SimpleGamesTests.xctest */ = {isa = PBXFileReference; explicitFileType = wrapper.cfbundle; includeInIndex = 0; path = SimpleGamesTests.xctest; sourceTree = BUILT_PRODUCTS_DIR; };
		C0778032224A6F3900ED9A15 /* Info.plist */ = {isa = PBXFileReference; lastKnownFileType = text.plist.xml; path = Info.plist; sourceTree = "<group>"; };
		C0778039224A6F5500ED9A15 /* TikTakToeGameTest.swift */ = {isa = PBXFileReference; lastKnownFileType = sourcecode.swift; path = TikTakToeGameTest.swift; sourceTree = "<group>"; };
		C077803B224A6F9D00ED9A15 /* Player.swift */ = {isa = PBXFileReference; lastKnownFileType = sourcecode.swift; path = Player.swift; sourceTree = "<group>"; };
		C0786C2A22493B3C008DDD99 /* SimpleGames.app */ = {isa = PBXFileReference; explicitFileType = wrapper.application; includeInIndex = 0; path = SimpleGames.app; sourceTree = BUILT_PRODUCTS_DIR; };
		C0786C2D22493B3C008DDD99 /* AppDelegate.swift */ = {isa = PBXFileReference; lastKnownFileType = sourcecode.swift; path = AppDelegate.swift; sourceTree = "<group>"; };
		C0786C2F22493B3C008DDD99 /* ViewController.swift */ = {isa = PBXFileReference; lastKnownFileType = sourcecode.swift; path = ViewController.swift; sourceTree = "<group>"; };
		C0786C3222493B3C008DDD99 /* Base */ = {isa = PBXFileReference; lastKnownFileType = file.storyboard; name = Base; path = Base.lproj/Main.storyboard; sourceTree = "<group>"; };
		C0786C3422493B3C008DDD99 /* Assets.xcassets */ = {isa = PBXFileReference; lastKnownFileType = folder.assetcatalog; path = Assets.xcassets; sourceTree = "<group>"; };
		C0786C3722493B3C008DDD99 /* Base */ = {isa = PBXFileReference; lastKnownFileType = file.storyboard; name = Base; path = Base.lproj/LaunchScreen.storyboard; sourceTree = "<group>"; };
		C0786C3922493B3C008DDD99 /* Info.plist */ = {isa = PBXFileReference; lastKnownFileType = text.plist.xml; path = Info.plist; sourceTree = "<group>"; };
		C0786C4022493C9C008DDD99 /* TikTakToeViewController.swift */ = {isa = PBXFileReference; lastKnownFileType = sourcecode.swift; path = TikTakToeViewController.swift; sourceTree = "<group>"; };
		C0786C4222493CA5008DDD99 /* TikTakToeViewController.xib */ = {isa = PBXFileReference; lastKnownFileType = file.xib; path = TikTakToeViewController.xib; sourceTree = "<group>"; };
		C0786C4522493CDE008DDD99 /* UIViewController+Extension.swift */ = {isa = PBXFileReference; lastKnownFileType = sourcecode.swift; path = "UIViewController+Extension.swift"; sourceTree = "<group>"; };
		C0786C4922493E5C008DDD99 /* TikTakToeCollectionViewCell.swift */ = {isa = PBXFileReference; lastKnownFileType = sourcecode.swift; path = TikTakToeCollectionViewCell.swift; sourceTree = "<group>"; };
		C0786C4B22493E77008DDD99 /* TikTakToeCollectionViewCell.xib */ = {isa = PBXFileReference; lastKnownFileType = file.xib; path = TikTakToeCollectionViewCell.xib; sourceTree = "<group>"; };
/* End PBXFileReference section */

/* Begin PBXFrameworksBuildPhase section */
		C077802B224A6F3900ED9A15 /* Frameworks */ = {
			isa = PBXFrameworksBuildPhase;
			buildActionMask = 2147483647;
			files = (
			);
			runOnlyForDeploymentPostprocessing = 0;
		};
		C0786C2722493B3C008DDD99 /* Frameworks */ = {
			isa = PBXFrameworksBuildPhase;
			buildActionMask = 2147483647;
			files = (
			);
			runOnlyForDeploymentPostprocessing = 0;
		};
/* End PBXFrameworksBuildPhase section */

/* Begin PBXGroup section */
		C077802F224A6F3900ED9A15 /* SimpleGamesTests */ = {
			isa = PBXGroup;
			children = (
				C0778038224A6F4400ED9A15 /* TikTakToe */,
				C0778032224A6F3900ED9A15 /* Info.plist */,
			);
			path = SimpleGamesTests;
			sourceTree = "<group>";
		};
		C0778038224A6F4400ED9A15 /* TikTakToe */ = {
			isa = PBXGroup;
			children = (
				C0778039224A6F5500ED9A15 /* TikTakToeGameTest.swift */,
			);
			path = TikTakToe;
			sourceTree = "<group>";
		};
		C0786C2122493B3C008DDD99 = {
			isa = PBXGroup;
			children = (
				C0786C2C22493B3C008DDD99 /* SimpleGames */,
				C077802F224A6F3900ED9A15 /* SimpleGamesTests */,
				C0786C2B22493B3C008DDD99 /* Products */,
			);
			sourceTree = "<group>";
		};
		C0786C2B22493B3C008DDD99 /* Products */ = {
			isa = PBXGroup;
			children = (
				C0786C2A22493B3C008DDD99 /* SimpleGames.app */,
				C077802E224A6F3900ED9A15 /* SimpleGamesTests.xctest */,
			);
			name = Products;
			sourceTree = "<group>";
		};
		C0786C2C22493B3C008DDD99 /* SimpleGames */ = {
			isa = PBXGroup;
			children = (
				C0786C4422493CD3008DDD99 /* Extensions */,
				C0786C3F22493C21008DDD99 /* TikTakToe */,
				C0786C2D22493B3C008DDD99 /* AppDelegate.swift */,
				C0786C2F22493B3C008DDD99 /* ViewController.swift */,
				C0786C3122493B3C008DDD99 /* Main.storyboard */,
				C0786C3422493B3C008DDD99 /* Assets.xcassets */,
				C0786C3622493B3C008DDD99 /* LaunchScreen.storyboard */,
				C0786C3922493B3C008DDD99 /* Info.plist */,
				C077803B224A6F9D00ED9A15 /* Player.swift */,
			);
			path = SimpleGames;
			sourceTree = "<group>";
		};
		C0786C3F22493C21008DDD99 /* TikTakToe */ = {
			isa = PBXGroup;
			children = (
				C0786C4022493C9C008DDD99 /* TikTakToeViewController.swift */,
				C0786C4222493CA5008DDD99 /* TikTakToeViewController.xib */,
				C0786C4922493E5C008DDD99 /* TikTakToeCollectionViewCell.swift */,
				C0786C4B22493E77008DDD99 /* TikTakToeCollectionViewCell.xib */,
				C0778028224A6F1400ED9A15 /* TikTakToeGame.swift */,
			);
			path = TikTakToe;
			sourceTree = "<group>";
		};
		C0786C4422493CD3008DDD99 /* Extensions */ = {
			isa = PBXGroup;
			children = (
				C0786C4522493CDE008DDD99 /* UIViewController+Extension.swift */,
			);
			path = Extensions;
			sourceTree = "<group>";
		};
/* End PBXGroup section */

/* Begin PBXNativeTarget section */
		C077802D224A6F3900ED9A15 /* SimpleGamesTests */ = {
			isa = PBXNativeTarget;
			buildConfigurationList = C0778035224A6F3900ED9A15 /* Build configuration list for PBXNativeTarget "SimpleGamesTests" */;
			buildPhases = (
				C077802A224A6F3900ED9A15 /* Sources */,
				C077802B224A6F3900ED9A15 /* Frameworks */,
				C077802C224A6F3900ED9A15 /* Resources */,
			);
			buildRules = (
			);
			dependencies = (
				C0778034224A6F3900ED9A15 /* PBXTargetDependency */,
			);
			name = SimpleGamesTests;
			productName = SimpleGamesTests;
			productReference = C077802E224A6F3900ED9A15 /* SimpleGamesTests.xctest */;
			productType = "com.apple.product-type.bundle.unit-test";
		};
		C0786C2922493B3C008DDD99 /* SimpleGames */ = {
			isa = PBXNativeTarget;
			buildConfigurationList = C0786C3C22493B3C008DDD99 /* Build configuration list for PBXNativeTarget "SimpleGames" */;
			buildPhases = (
				C0786C2622493B3C008DDD99 /* Sources */,
				C0786C2722493B3C008DDD99 /* Frameworks */,
				C0786C2822493B3C008DDD99 /* Resources */,
			);
			buildRules = (
			);
			dependencies = (
			);
			name = SimpleGames;
			productName = SimpleGames;
			productReference = C0786C2A22493B3C008DDD99 /* SimpleGames.app */;
			productType = "com.apple.product-type.application";
		};
/* End PBXNativeTarget section */

/* Begin PBXProject section */
		C0786C2222493B3C008DDD99 /* Project object */ = {
			isa = PBXProject;
			attributes = {
				LastSwiftUpdateCheck = 1010;
				LastUpgradeCheck = 1010;
				ORGANIZATIONNAME = Szafulski;
				TargetAttributes = {
					C077802D224A6F3900ED9A15 = {
						CreatedOnToolsVersion = 10.1;
						TestTargetID = C0786C2922493B3C008DDD99;
					};
					C0786C2922493B3C008DDD99 = {
						CreatedOnToolsVersion = 10.1;
					};
				};
			};
			buildConfigurationList = C0786C2522493B3C008DDD99 /* Build configuration list for PBXProject "SimpleGames" */;
			compatibilityVersion = "Xcode 9.3";
			developmentRegion = en;
			hasScannedForEncodings = 0;
			knownRegions = (
				en,
				Base,
			);
			mainGroup = C0786C2122493B3C008DDD99;
			productRefGroup = C0786C2B22493B3C008DDD99 /* Products */;
			projectDirPath = "";
			projectRoot = "";
			targets = (
				C0786C2922493B3C008DDD99 /* SimpleGames */,
				C077802D224A6F3900ED9A15 /* SimpleGamesTests */,
			);
		};
/* End PBXProject section */

/* Begin PBXResourcesBuildPhase section */
		C077802C224A6F3900ED9A15 /* Resources */ = {
			isa = PBXResourcesBuildPhase;
			buildActionMask = 2147483647;
			files = (
			);
			runOnlyForDeploymentPostprocessing = 0;
		};
		C0786C2822493B3C008DDD99 /* Resources */ = {
			isa = PBXResourcesBuildPhase;
			buildActionMask = 2147483647;
			files = (
				C0786C3822493B3C008DDD99 /* LaunchScreen.storyboard in Resources */,
				C0786C3522493B3C008DDD99 /* Assets.xcassets in Resources */,
				C0786C3322493B3C008DDD99 /* Main.storyboard in Resources */,
				C0786C4322493CA5008DDD99 /* TikTakToeViewController.xib in Resources */,
				C0786C4C22493E77008DDD99 /* TikTakToeCollectionViewCell.xib in Resources */,
			);
			runOnlyForDeploymentPostprocessing = 0;
		};
/* End PBXResourcesBuildPhase section */

/* Begin PBXSourcesBuildPhase section */
		C077802A224A6F3900ED9A15 /* Sources */ = {
			isa = PBXSourcesBuildPhase;
			buildActionMask = 2147483647;
			files = (
				C077803A224A6F5500ED9A15 /* TikTakToeGameTest.swift in Sources */,
			);
			runOnlyForDeploymentPostprocessing = 0;
		};
		C0786C2622493B3C008DDD99 /* Sources */ = {
			isa = PBXSourcesBuildPhase;
			buildActionMask = 2147483647;
			files = (
				C0778029224A6F1400ED9A15 /* TikTakToeGame.swift in Sources */,
				C0786C4A22493E5C008DDD99 /* TikTakToeCollectionViewCell.swift in Sources */,
				C0786C4622493CDE008DDD99 /* UIViewController+Extension.swift in Sources */,
				C0786C4122493C9C008DDD99 /* TikTakToeViewController.swift in Sources */,
				C077803C224A6F9D00ED9A15 /* Player.swift in Sources */,
				C0786C3022493B3C008DDD99 /* ViewController.swift in Sources */,
				C0786C2E22493B3C008DDD99 /* AppDelegate.swift in Sources */,
			);
			runOnlyForDeploymentPostprocessing = 0;
		};
/* End PBXSourcesBuildPhase section */

/* Begin PBXTargetDependency section */
		C0778034224A6F3900ED9A15 /* PBXTargetDependency */ = {
			isa = PBXTargetDependency;
			target = C0786C2922493B3C008DDD99 /* SimpleGames */;
			targetProxy = C0778033224A6F3900ED9A15 /* PBXContainerItemProxy */;
		};
/* End PBXTargetDependency section */

/* Begin PBXVariantGroup section */
		C0786C3122493B3C008DDD99 /* Main.storyboard */ = {
			isa = PBXVariantGroup;
			children = (
				C0786C3222493B3C008DDD99 /* Base */,
			);
			name = Main.storyboard;
			sourceTree = "<group>";
		};
		C0786C3622493B3C008DDD99 /* LaunchScreen.storyboard */ = {
			isa = PBXVariantGroup;
			children = (
				C0786C3722493B3C008DDD99 /* Base */,
			);
			name = LaunchScreen.storyboard;
			sourceTree = "<group>";
		};
/* End PBXVariantGroup section */

/* Begin XCBuildConfiguration section */
		C0778036224A6F3900ED9A15 /* Debug */ = {
			isa = XCBuildConfiguration;
			buildSettings = {
				BUNDLE_LOADER = "$(TEST_HOST)";
				CODE_SIGN_STYLE = Automatic;
				DEVELOPMENT_TEAM = FYLQ4THTQD;
				INFOPLIST_FILE = SimpleGamesTests/Info.plist;
				LD_RUNPATH_SEARCH_PATHS = (
					"$(inherited)",
					"@executable_path/Frameworks",
					"@loader_path/Frameworks",
				);
				PRODUCT_BUNDLE_IDENTIFIER = com.szafulski.SimpleGamesTests;
				PRODUCT_NAME = "$(TARGET_NAME)";
				SWIFT_VERSION = 4.2;
				TARGETED_DEVICE_FAMILY = "1,2";
				TEST_HOST = "$(BUILT_PRODUCTS_DIR)/SimpleGames.app/SimpleGames";
			};
			name = Debug;
		};
		C0778037224A6F3900ED9A15 /* Release */ = {
			isa = XCBuildConfiguration;
			buildSettings = {
				BUNDLE_LOADER = "$(TEST_HOST)";
				CODE_SIGN_STYLE = Automatic;
				DEVELOPMENT_TEAM = FYLQ4THTQD;
				INFOPLIST_FILE = SimpleGamesTests/Info.plist;
				LD_RUNPATH_SEARCH_PATHS = (
					"$(inherited)",
					"@executable_path/Frameworks",
					"@loader_path/Frameworks",
				);
				PRODUCT_BUNDLE_IDENTIFIER = com.szafulski.SimpleGamesTests;
				PRODUCT_NAME = "$(TARGET_NAME)";
				SWIFT_VERSION = 4.2;
				TARGETED_DEVICE_FAMILY = "1,2";
				TEST_HOST = "$(BUILT_PRODUCTS_DIR)/SimpleGames.app/SimpleGames";
			};
			name = Release;
		};
		C0786C3A22493B3C008DDD99 /* Debug */ = {
			isa = XCBuildConfiguration;
			buildSettings = {
				ALWAYS_SEARCH_USER_PATHS = NO;
				CLANG_ANALYZER_NONNULL = YES;
				CLANG_ANALYZER_NUMBER_OBJECT_CONVERSION = YES_AGGRESSIVE;
				CLANG_CXX_LANGUAGE_STANDARD = "gnu++14";
				CLANG_CXX_LIBRARY = "libc++";
				CLANG_ENABLE_MODULES = YES;
				CLANG_ENABLE_OBJC_ARC = YES;
				CLANG_ENABLE_OBJC_WEAK = YES;
				CLANG_WARN_BLOCK_CAPTURE_AUTORELEASING = YES;
				CLANG_WARN_BOOL_CONVERSION = YES;
				CLANG_WARN_COMMA = YES;
				CLANG_WARN_CONSTANT_CONVERSION = YES;
				CLANG_WARN_DEPRECATED_OBJC_IMPLEMENTATIONS = YES;
				CLANG_WARN_DIRECT_OBJC_ISA_USAGE = YES_ERROR;
				CLANG_WARN_DOCUMENTATION_COMMENTS = YES;
				CLANG_WARN_EMPTY_BODY = YES;
				CLANG_WARN_ENUM_CONVERSION = YES;
				CLANG_WARN_INFINITE_RECURSION = YES;
				CLANG_WARN_INT_CONVERSION = YES;
				CLANG_WARN_NON_LITERAL_NULL_CONVERSION = YES;
				CLANG_WARN_OBJC_IMPLICIT_RETAIN_SELF = YES;
				CLANG_WARN_OBJC_LITERAL_CONVERSION = YES;
				CLANG_WARN_OBJC_ROOT_CLASS = YES_ERROR;
				CLANG_WARN_RANGE_LOOP_ANALYSIS = YES;
				CLANG_WARN_STRICT_PROTOTYPES = YES;
				CLANG_WARN_SUSPICIOUS_MOVE = YES;
				CLANG_WARN_UNGUARDED_AVAILABILITY = YES_AGGRESSIVE;
				CLANG_WARN_UNREACHABLE_CODE = YES;
				CLANG_WARN__DUPLICATE_METHOD_MATCH = YES;
				CODE_SIGN_IDENTITY = "iPhone Developer";
				COPY_PHASE_STRIP = NO;
				DEBUG_INFORMATION_FORMAT = dwarf;
				ENABLE_STRICT_OBJC_MSGSEND = YES;
				ENABLE_TESTABILITY = YES;
				GCC_C_LANGUAGE_STANDARD = gnu11;
				GCC_DYNAMIC_NO_PIC = NO;
				GCC_NO_COMMON_BLOCKS = YES;
				GCC_OPTIMIZATION_LEVEL = 0;
				GCC_PREPROCESSOR_DEFINITIONS = (
					"DEBUG=1",
					"$(inherited)",
				);
				GCC_WARN_64_TO_32_BIT_CONVERSION = YES;
				GCC_WARN_ABOUT_RETURN_TYPE = YES_ERROR;
				GCC_WARN_UNDECLARED_SELECTOR = YES;
				GCC_WARN_UNINITIALIZED_AUTOS = YES_AGGRESSIVE;
				GCC_WARN_UNUSED_FUNCTION = YES;
				GCC_WARN_UNUSED_VARIABLE = YES;
				IPHONEOS_DEPLOYMENT_TARGET = 12.1;
				MTL_ENABLE_DEBUG_INFO = INCLUDE_SOURCE;
				MTL_FAST_MATH = YES;
				ONLY_ACTIVE_ARCH = YES;
				SDKROOT = iphoneos;
				SWIFT_ACTIVE_COMPILATION_CONDITIONS = DEBUG;
				SWIFT_OPTIMIZATION_LEVEL = "-Onone";
			};
			name = Debug;
		};
		C0786C3B22493B3C008DDD99 /* Release */ = {
			isa = XCBuildConfiguration;
			buildSettings = {
				ALWAYS_SEARCH_USER_PATHS = NO;
				CLANG_ANALYZER_NONNULL = YES;
				CLANG_ANALYZER_NUMBER_OBJECT_CONVERSION = YES_AGGRESSIVE;
				CLANG_CXX_LANGUAGE_STANDARD = "gnu++14";
				CLANG_CXX_LIBRARY = "libc++";
				CLANG_ENABLE_MODULES = YES;
				CLANG_ENABLE_OBJC_ARC = YES;
				CLANG_ENABLE_OBJC_WEAK = YES;
				CLANG_WARN_BLOCK_CAPTURE_AUTORELEASING = YES;
				CLANG_WARN_BOOL_CONVERSION = YES;
				CLANG_WARN_COMMA = YES;
				CLANG_WARN_CONSTANT_CONVERSION = YES;
				CLANG_WARN_DEPRECATED_OBJC_IMPLEMENTATIONS = YES;
				CLANG_WARN_DIRECT_OBJC_ISA_USAGE = YES_ERROR;
				CLANG_WARN_DOCUMENTATION_COMMENTS = YES;
				CLANG_WARN_EMPTY_BODY = YES;
				CLANG_WARN_ENUM_CONVERSION = YES;
				CLANG_WARN_INFINITE_RECURSION = YES;
				CLANG_WARN_INT_CONVERSION = YES;
				CLANG_WARN_NON_LITERAL_NULL_CONVERSION = YES;
				CLANG_WARN_OBJC_IMPLICIT_RETAIN_SELF = YES;
				CLANG_WARN_OBJC_LITERAL_CONVERSION = YES;
				CLANG_WARN_OBJC_ROOT_CLASS = YES_ERROR;
				CLANG_WARN_RANGE_LOOP_ANALYSIS = YES;
				CLANG_WARN_STRICT_PROTOTYPES = YES;
				CLANG_WARN_SUSPICIOUS_MOVE = YES;
				CLANG_WARN_UNGUARDED_AVAILABILITY = YES_AGGRESSIVE;
				CLANG_WARN_UNREACHABLE_CODE = YES;
				CLANG_WARN__DUPLICATE_METHOD_MATCH = YES;
				CODE_SIGN_IDENTITY = "iPhone Developer";
				COPY_PHASE_STRIP = NO;
				DEBUG_INFORMATION_FORMAT = "dwarf-with-dsym";
				ENABLE_NS_ASSERTIONS = NO;
				ENABLE_STRICT_OBJC_MSGSEND = YES;
				GCC_C_LANGUAGE_STANDARD = gnu11;
				GCC_NO_COMMON_BLOCKS = YES;
				GCC_WARN_64_TO_32_BIT_CONVERSION = YES;
				GCC_WARN_ABOUT_RETURN_TYPE = YES_ERROR;
				GCC_WARN_UNDECLARED_SELECTOR = YES;
				GCC_WARN_UNINITIALIZED_AUTOS = YES_AGGRESSIVE;
				GCC_WARN_UNUSED_FUNCTION = YES;
				GCC_WARN_UNUSED_VARIABLE = YES;
				IPHONEOS_DEPLOYMENT_TARGET = 12.1;
				MTL_ENABLE_DEBUG_INFO = NO;
				MTL_FAST_MATH = YES;
				SDKROOT = iphoneos;
				SWIFT_COMPILATION_MODE = wholemodule;
				SWIFT_OPTIMIZATION_LEVEL = "-O";
				VALIDATE_PRODUCT = YES;
			};
			name = Release;
		};
		C0786C3D22493B3C008DDD99 /* Debug */ = {
			isa = XCBuildConfiguration;
			buildSettings = {
				ASSETCATALOG_COMPILER_APPICON_NAME = AppIcon;
				CODE_SIGN_STYLE = Automatic;
				DEVELOPMENT_TEAM = FYLQ4THTQD;
				INFOPLIST_FILE = SimpleGames/Info.plist;
				LD_RUNPATH_SEARCH_PATHS = (
					"$(inherited)",
					"@executable_path/Frameworks",
				);
				PRODUCT_BUNDLE_IDENTIFIER = com.szafulski.SimpleGames;
				PRODUCT_NAME = "$(TARGET_NAME)";
				SWIFT_VERSION = 4.2;
				TARGETED_DEVICE_FAMILY = "1,2";
			};
			name = Debug;
		};
		C0786C3E22493B3C008DDD99 /* Release */ = {
			isa = XCBuildConfiguration;
			buildSettings = {
				ASSETCATALOG_COMPILER_APPICON_NAME = AppIcon;
				CODE_SIGN_STYLE = Automatic;
				DEVELOPMENT_TEAM = FYLQ4THTQD;
				INFOPLIST_FILE = SimpleGames/Info.plist;
				LD_RUNPATH_SEARCH_PATHS = (
					"$(inherited)",
					"@executable_path/Frameworks",
				);
				PRODUCT_BUNDLE_IDENTIFIER = com.szafulski.SimpleGames;
				PRODUCT_NAME = "$(TARGET_NAME)";
				SWIFT_VERSION = 4.2;
				TARGETED_DEVICE_FAMILY = "1,2";
			};
			name = Release;
		};
/* End XCBuildConfiguration section */

/* Begin XCConfigurationList section */
		C0778035224A6F3900ED9A15 /* Build configuration list for PBXNativeTarget "SimpleGamesTests" */ = {
			isa = XCConfigurationList;
			buildConfigurations = (
				C0778036224A6F3900ED9A15 /* Debug */,
				C0778037224A6F3900ED9A15 /* Release */,
			);
			defaultConfigurationIsVisible = 0;
			defaultConfigurationName = Release;
		};
		C0786C2522493B3C008DDD99 /* Build configuration list for PBXProject "SimpleGames" */ = {
			isa = XCConfigurationList;
			buildConfigurations = (
				C0786C3A22493B3C008DDD99 /* Debug */,
				C0786C3B22493B3C008DDD99 /* Release */,
			);
			defaultConfigurationIsVisible = 0;
			defaultConfigurationName = Release;
		};
		C0786C3C22493B3C008DDD99 /* Build configuration list for PBXNativeTarget "SimpleGames" */ = {
			isa = XCConfigurationList;
			buildConfigurations = (
				C0786C3D22493B3C008DDD99 /* Debug */,
				C0786C3E22493B3C008DDD99 /* Release */,
			);
			defaultConfigurationIsVisible = 0;
			defaultConfigurationName = Release;
		};
/* End XCConfigurationList section */
	};
	rootObject = C0786C2222493B3C008DDD99 /* Project object */;
}
